
Microsoft Visual Studio Solution File, Format Version 12.00
# Visual Studio Version 17
VisualStudioVersion = 17.10.35027.167
MinimumVisualStudioVersion = 10.0.40219.1
Project("{FAE04EC0-301F-11D3-BF4B-00C04F79EFBC}") = "WebApplication15", "WebApplication15\WebApplication15.csproj", "{56774986-72AC-4F8A-8910-158B426CEB5B}"
EndProject
Global
	GlobalSection(SolutionConfigurationPlatforms) = preSolution
		Debug|Any CPU = Debug|Any CPU
		Release|Any CPU = Release|Any CPU
	EndGlobalSection
	GlobalSection(ProjectConfigurationPlatforms) = postSolution
		{56774986-72AC-4F8A-8910-158B426CEB5B}.Debug|Any CPU.ActiveCfg = Debug|Any CPU
		{56774986-72AC-4F8A-8910-158B426CEB5B}.Debug|Any CPU.Build.0 = Debug|Any CPU
		{56774986-72AC-4F8A-8910-158B426CEB5B}.Release|Any CPU.ActiveCfg = Release|Any CPU
		{56774986-72AC-4F8A-8910-158B426CEB5B}.Release|Any CPU.Build.0 = Release|Any CPU
	EndGlobalSection
	GlobalSection(SolutionProperties) = preSolution
		HideSolutionNode = FALSE
	EndGlobalSection
	GlobalSection(ExtensibilityGlobals) = postSolution
		SolutionGuid = {6BF7AB01-AF83-403A-BDB3-012BB2FC29BB}
	EndGlobalSection
EndGlobal
